
Microsoft Visual Studio Solution File, Format Version 12.00
# Visual Studio Version 16
VisualStudioVersion = 16.0.31702.278
MinimumVisualStudioVersion = 10.0.40219.1
Project("{9A19103F-16F7-4668-BE54-9A1E7A4F7556}") = "Shop.Domain", "Shop.Domain\Shop.Domain.csproj", "{3BEDBD44-32A5-4E46-BCC8-8A6E90C4CB42}"
EndProject
Project("{9A19103F-16F7-4668-BE54-9A1E7A4F7556}") = "Shop.Infra.Data", "Shop.Infra.Data\Shop.Infra.Data.csproj", "{F8762D3D-7792-45CF-A386-D9FA74C29904}"
EndProject
Project("{9A19103F-16F7-4668-BE54-9A1E7A4F7556}") = "Shop.Infrastructure.IoC", "Shop.Infrastructure.IoC\Shop.Infrastructure.IoC.csproj", "{850E2AC7-0E17-4400-9385-99229B6FFE09}"
EndProject
Project("{9A19103F-16F7-4668-BE54-9A1E7A4F7556}") = "Shop.Web.Mvc", "Shop.Web.Mvc\Shop.Web.Mvc.csproj", "{72079B53-2613-4F5E-A4A4-31101E5A095A}"
EndProject
Project("{FAE04EC0-301F-11D3-BF4B-00C04F79EFBC}") = "Shop.Application", "Shop.Application\Shop.Application.csproj", "{A28248E6-963B-4040-AC7F-38317C78FB9A}"
EndProject
Global
	GlobalSection(SolutionConfigurationPlatforms) = preSolution
		Debug|Any CPU = Debug|Any CPU
		Release|Any CPU = Release|Any CPU
	EndGlobalSection
	GlobalSection(ProjectConfigurationPlatforms) = postSolution
		{3BEDBD44-32A5-4E46-BCC8-8A6E90C4CB42}.Debug|Any CPU.ActiveCfg = Debug|Any CPU
		{3BEDBD44-32A5-4E46-BCC8-8A6E90C4CB42}.Debug|Any CPU.Build.0 = Debug|Any CPU
		{3BEDBD44-32A5-4E46-BCC8-8A6E90C4CB42}.Release|Any CPU.ActiveCfg = Release|Any CPU
		{3BEDBD44-32A5-4E46-BCC8-8A6E90C4CB42}.Release|Any CPU.Build.0 = Release|Any CPU
		{F8762D3D-7792-45CF-A386-D9FA74C29904}.Debug|Any CPU.ActiveCfg = Debug|Any CPU
		{F8762D3D-7792-45CF-A386-D9FA74C29904}.Debug|Any CPU.Build.0 = Debug|Any CPU
		{F8762D3D-7792-45CF-A386-D9FA74C29904}.Release|Any CPU.ActiveCfg = Release|Any CPU
		{F8762D3D-7792-45CF-A386-D9FA74C29904}.Release|Any CPU.Build.0 = Release|Any CPU
		{850E2AC7-0E17-4400-9385-99229B6FFE09}.Debug|Any CPU.ActiveCfg = Debug|Any CPU
		{850E2AC7-0E17-4400-9385-99229B6FFE09}.Debug|Any CPU.Build.0 = Debug|Any CPU
		{850E2AC7-0E17-4400-9385-99229B6FFE09}.Release|Any CPU.ActiveCfg = Release|Any CPU
		{850E2AC7-0E17-4400-9385-99229B6FFE09}.Release|Any CPU.Build.0 = Release|Any CPU
		{72079B53-2613-4F5E-A4A4-31101E5A095A}.Debug|Any CPU.ActiveCfg = Debug|Any CPU
		{72079B53-2613-4F5E-A4A4-31101E5A095A}.Debug|Any CPU.Build.0 = Debug|Any CPU
		{72079B53-2613-4F5E-A4A4-31101E5A095A}.Release|Any CPU.ActiveCfg = Release|Any CPU
		{72079B53-2613-4F5E-A4A4-31101E5A095A}.Release|Any CPU.Build.0 = Release|Any CPU
		{A28248E6-963B-4040-AC7F-38317C78FB9A}.Debug|Any CPU.ActiveCfg = Debug|Any CPU
		{A28248E6-963B-4040-AC7F-38317C78FB9A}.Debug|Any CPU.Build.0 = Debug|Any CPU
		{A28248E6-963B-4040-AC7F-38317C78FB9A}.Release|Any CPU.ActiveCfg = Release|Any CPU
		{A28248E6-963B-4040-AC7F-38317C78FB9A}.Release|Any CPU.Build.0 = Release|Any CPU
	EndGlobalSection
	GlobalSection(SolutionProperties) = preSolution
		HideSolutionNode = FALSE
	EndGlobalSection
	GlobalSection(ExtensibilityGlobals) = postSolution
		SolutionGuid = {B0A666DD-CAE4-4F5C-BA27-091D24B86EB8}
	EndGlobalSection
EndGlobal
